
Microsoft Visual Studio Solution File, Format Version 12.00
# Visual Studio Version 17
VisualStudioVersion = 17.11.35303.130
MinimumVisualStudioVersion = 10.0.40219.1
Project("{9A19103F-16F7-4668-BE54-9A1E7A4F7556}") = "Task 1", "Task 1\Task 1.csproj", "{AD7CE24D-F351-47CE-B7E0-CF43B8DC8937}"
EndProject
Project("{FAE04EC0-301F-11D3-BF4B-00C04F79EFBC}") = "Task 3", "Task 3\Task 3.csproj", "{1259583D-2156-4FED-A6F6-0C90BD0E787B}"
EndProject
Project("{FAE04EC0-301F-11D3-BF4B-00C04F79EFBC}") = "Task 4", "Task 4\Task 4.csproj", "{EECA7FDD-3461-4FAF-914D-A7A6D391AEE2}"
EndProject
Project("{FAE04EC0-301F-11D3-BF4B-00C04F79EFBC}") = "Task 2", "Task 2\Task 2.csproj", "{DBF4A36B-D7CE-445E-B937-86D60FCF976E}"
EndProject
Project("{FAE04EC0-301F-11D3-BF4B-00C04F79EFBC}") = "Task 5", "Task 5\Task 5.csproj", "{804599CD-BB88-45C1-86BC-1002872B8DAE}"
EndProject
Project("{FAE04EC0-301F-11D3-BF4B-00C04F79EFBC}") = "Task 6", "Task 6\Task 6.csproj", "{0D07E083-00A9-46A9-86D5-10EE9E8DF7DB}"
EndProject
Project("{FAE04EC0-301F-11D3-BF4B-00C04F79EFBC}") = "Task 7", "Task 7\Task 7.csproj", "{EC23FD6D-C06D-408E-A6C3-1ADAFD66860C}"
EndProject
Project("{FAE04EC0-301F-11D3-BF4B-00C04F79EFBC}") = "Task 8", "Task 8\Task 8.csproj", "{5DCBB77C-2951-4819-B033-3248E88602CC}"
EndProject
Project("{FAE04EC0-301F-11D3-BF4B-00C04F79EFBC}") = "Task 9", "Task 9\Task 9.csproj", "{6DBC1B4F-1B6B-4F0A-A678-84FA555E3BBA}"
EndProject
Project("{FAE04EC0-301F-11D3-BF4B-00C04F79EFBC}") = "Task 10", "Task 10\Task 10.csproj", "{A6715C14-21AB-4D37-9890-24CA7F8A46DB}"
EndProject
Project("{FAE04EC0-301F-11D3-BF4B-00C04F79EFBC}") = "Task 11", "Task 11\Task 11.csproj", "{44F56220-9F05-4322-913A-D25D6325E221}"
EndProject
Project("{FAE04EC0-301F-11D3-BF4B-00C04F79EFBC}") = "Task 12", "Task 12\Task 12.csproj", "{C4FF694E-CC4F-409F-83ED-22DA4441352D}"
EndProject
Project("{FAE04EC0-301F-11D3-BF4B-00C04F79EFBC}") = "Task 13", "Task 13\Task 13.csproj", "{08399927-8CA0-4554-BFCF-E1FD9AE06FA5}"
EndProject
Project("{FAE04EC0-301F-11D3-BF4B-00C04F79EFBC}") = "Task 14", "Task 14\Task 14.csproj", "{6BE494F2-A1F0-414D-ADE1-0400C3539C92}"
EndProject
Project("{FAE04EC0-301F-11D3-BF4B-00C04F79EFBC}") = "Task 15", "Task 15\Task 15.csproj", "{D8D1084A-D394-424E-BFBA-EDBF72C371FC}"
EndProject
Project("{FAE04EC0-301F-11D3-BF4B-00C04F79EFBC}") = "Task 16", "Task 16\Task 16.csproj", "{7393BB1E-F96A-4013-9FD0-77B9BAF8F4C9}"
EndProject
Project("{FAE04EC0-301F-11D3-BF4B-00C04F79EFBC}") = "Task 17", "Task 17\Task 17.csproj", "{1867414B-B7B7-4473-9B9B-474CA435BB45}"
EndProject
Project("{FAE04EC0-301F-11D3-BF4B-00C04F79EFBC}") = "Task 18", "Task 18\Task 18.csproj", "{4D09A3E9-3776-4D3D-A22D-4FD640CDE5AD}"
EndProject
Project("{FAE04EC0-301F-11D3-BF4B-00C04F79EFBC}") = "Task 19", "Task 19\Task 19.csproj", "{9F40D050-EF53-4842-948B-87D525D8D4BE}"
EndProject
Global
	GlobalSection(SolutionConfigurationPlatforms) = preSolution
		Debug|Any CPU = Debug|Any CPU
		Release|Any CPU = Release|Any CPU
	EndGlobalSection
	GlobalSection(ProjectConfigurationPlatforms) = postSolution
		{AD7CE24D-F351-47CE-B7E0-CF43B8DC8937}.Debug|Any CPU.ActiveCfg = Debug|Any CPU
		{AD7CE24D-F351-47CE-B7E0-CF43B8DC8937}.Debug|Any CPU.Build.0 = Debug|Any CPU
		{AD7CE24D-F351-47CE-B7E0-CF43B8DC8937}.Release|Any CPU.ActiveCfg = Release|Any CPU
		{AD7CE24D-F351-47CE-B7E0-CF43B8DC8937}.Release|Any CPU.Build.0 = Release|Any CPU
		{1259583D-2156-4FED-A6F6-0C90BD0E787B}.Debug|Any CPU.ActiveCfg = Debug|Any CPU
		{1259583D-2156-4FED-A6F6-0C90BD0E787B}.Debug|Any CPU.Build.0 = Debug|Any CPU
		{1259583D-2156-4FED-A6F6-0C90BD0E787B}.Release|Any CPU.ActiveCfg = Release|Any CPU
		{1259583D-2156-4FED-A6F6-0C90BD0E787B}.Release|Any CPU.Build.0 = Release|Any CPU
		{EECA7FDD-3461-4FAF-914D-A7A6D391AEE2}.Debug|Any CPU.ActiveCfg = Debug|Any CPU
		{EECA7FDD-3461-4FAF-914D-A7A6D391AEE2}.Debug|Any CPU.Build.0 = Debug|Any CPU
		{EECA7FDD-3461-4FAF-914D-A7A6D391AEE2}.Release|Any CPU.ActiveCfg = Release|Any CPU
		{EECA7FDD-3461-4FAF-914D-A7A6D391AEE2}.Release|Any CPU.Build.0 = Release|Any CPU
		{DBF4A36B-D7CE-445E-B937-86D60FCF976E}.Debug|Any CPU.ActiveCfg = Debug|Any CPU
		{DBF4A36B-D7CE-445E-B937-86D60FCF976E}.Debug|Any CPU.Build.0 = Debug|Any CPU
		{DBF4A36B-D7CE-445E-B937-86D60FCF976E}.Release|Any CPU.ActiveCfg = Release|Any CPU
		{DBF4A36B-D7CE-445E-B937-86D60FCF976E}.Release|Any CPU.Build.0 = Release|Any CPU
		{804599CD-BB88-45C1-86BC-1002872B8DAE}.Debug|Any CPU.ActiveCfg = Debug|Any CPU
		{804599CD-BB88-45C1-86BC-1002872B8DAE}.Debug|Any CPU.Build.0 = Debug|Any CPU
		{804599CD-BB88-45C1-86BC-1002872B8DAE}.Release|Any CPU.ActiveCfg = Release|Any CPU
		{804599CD-BB88-45C1-86BC-1002872B8DAE}.Release|Any CPU.Build.0 = Release|Any CPU
		{0D07E083-00A9-46A9-86D5-10EE9E8DF7DB}.Debug|Any CPU.ActiveCfg = Debug|Any CPU
		{0D07E083-00A9-46A9-86D5-10EE9E8DF7DB}.Debug|Any CPU.Build.0 = Debug|Any CPU
		{0D07E083-00A9-46A9-86D5-10EE9E8DF7DB}.Release|Any CPU.ActiveCfg = Release|Any CPU
		{0D07E083-00A9-46A9-86D5-10EE9E8DF7DB}.Release|Any CPU.Build.0 = Release|Any CPU
		{EC23FD6D-C06D-408E-A6C3-1ADAFD66860C}.Debug|Any CPU.ActiveCfg = Debug|Any CPU
		{EC23FD6D-C06D-408E-A6C3-1ADAFD66860C}.Debug|Any CPU.Build.0 = Debug|Any CPU
		{EC23FD6D-C06D-408E-A6C3-1ADAFD66860C}.Release|Any CPU.ActiveCfg = Release|Any CPU
		{EC23FD6D-C06D-408E-A6C3-1ADAFD66860C}.Release|Any CPU.Build.0 = Release|Any CPU
		{5DCBB77C-2951-4819-B033-3248E88602CC}.Debug|Any CPU.ActiveCfg = Debug|Any CPU
		{5DCBB77C-2951-4819-B033-3248E88602CC}.Debug|Any CPU.Build.0 = Debug|Any CPU
		{5DCBB77C-2951-4819-B033-3248E88602CC}.Release|Any CPU.ActiveCfg = Release|Any CPU
		{5DCBB77C-2951-4819-B033-3248E88602CC}.Release|Any CPU.Build.0 = Release|Any CPU
		{6DBC1B4F-1B6B-4F0A-A678-84FA555E3BBA}.Debug|Any CPU.ActiveCfg = Debug|Any CPU
		{6DBC1B4F-1B6B-4F0A-A678-84FA555E3BBA}.Debug|Any CPU.Build.0 = Debug|Any CPU
		{6DBC1B4F-1B6B-4F0A-A678-84FA555E3BBA}.Release|Any CPU.ActiveCfg = Release|Any CPU
		{6DBC1B4F-1B6B-4F0A-A678-84FA555E3BBA}.Release|Any CPU.Build.0 = Release|Any CPU
		{A6715C14-21AB-4D37-9890-24CA7F8A46DB}.Debug|Any CPU.ActiveCfg = Debug|Any CPU
		{A6715C14-21AB-4D37-9890-24CA7F8A46DB}.Debug|Any CPU.Build.0 = Debug|Any CPU
		{A6715C14-21AB-4D37-9890-24CA7F8A46DB}.Release|Any CPU.ActiveCfg = Release|Any CPU
		{A6715C14-21AB-4D37-9890-24CA7F8A46DB}.Release|Any CPU.Build.0 = Release|Any CPU
		{44F56220-9F05-4322-913A-D25D6325E221}.Debug|Any CPU.ActiveCfg = Debug|Any CPU
		{44F56220-9F05-4322-913A-D25D6325E221}.Debug|Any CPU.Build.0 = Debug|Any CPU
		{44F56220-9F05-4322-913A-D25D6325E221}.Release|Any CPU.ActiveCfg = Release|Any CPU
		{44F56220-9F05-4322-913A-D25D6325E221}.Release|Any CPU.Build.0 = Release|Any CPU
		{C4FF694E-CC4F-409F-83ED-22DA4441352D}.Debug|Any CPU.ActiveCfg = Debug|Any CPU
		{C4FF694E-CC4F-409F-83ED-22DA4441352D}.Debug|Any CPU.Build.0 = Debug|Any CPU
		{C4FF694E-CC4F-409F-83ED-22DA4441352D}.Release|Any CPU.ActiveCfg = Release|Any CPU
		{C4FF694E-CC4F-409F-83ED-22DA4441352D}.Release|Any CPU.Build.0 = Release|Any CPU
		{08399927-8CA0-4554-BFCF-E1FD9AE06FA5}.Debug|Any CPU.ActiveCfg = Debug|Any CPU
		{08399927-8CA0-4554-BFCF-E1FD9AE06FA5}.Debug|Any CPU.Build.0 = Debug|Any CPU
		{08399927-8CA0-4554-BFCF-E1FD9AE06FA5}.Release|Any CPU.ActiveCfg = Release|Any CPU
		{08399927-8CA0-4554-BFCF-E1FD9AE06FA5}.Release|Any CPU.Build.0 = Release|Any CPU
		{6BE494F2-A1F0-414D-ADE1-0400C3539C92}.Debug|Any CPU.ActiveCfg = Debug|Any CPU
		{6BE494F2-A1F0-414D-ADE1-0400C3539C92}.Debug|Any CPU.Build.0 = Debug|Any CPU
		{6BE494F2-A1F0-414D-ADE1-0400C3539C92}.Release|Any CPU.ActiveCfg = Release|Any CPU
		{6BE494F2-A1F0-414D-ADE1-0400C3539C92}.Release|Any CPU.Build.0 = Release|Any CPU
		{D8D1084A-D394-424E-BFBA-EDBF72C371FC}.Debug|Any CPU.ActiveCfg = Debug|Any CPU
		{D8D1084A-D394-424E-BFBA-EDBF72C371FC}.Debug|Any CPU.Build.0 = Debug|Any CPU
		{D8D1084A-D394-424E-BFBA-EDBF72C371FC}.Release|Any CPU.ActiveCfg = Release|Any CPU
		{D8D1084A-D394-424E-BFBA-EDBF72C371FC}.Release|Any CPU.Build.0 = Release|Any CPU
		{7393BB1E-F96A-4013-9FD0-77B9BAF8F4C9}.Debug|Any CPU.ActiveCfg = Debug|Any CPU
		{7393BB1E-F96A-4013-9FD0-77B9BAF8F4C9}.Debug|Any CPU.Build.0 = Debug|Any CPU
		{7393BB1E-F96A-4013-9FD0-77B9BAF8F4C9}.Release|Any CPU.ActiveCfg = Release|Any CPU
		{7393BB1E-F96A-4013-9FD0-77B9BAF8F4C9}.Release|Any CPU.Build.0 = Release|Any CPU
		{1867414B-B7B7-4473-9B9B-474CA435BB45}.Debug|Any CPU.ActiveCfg = Debug|Any CPU
		{1867414B-B7B7-4473-9B9B-474CA435BB45}.Debug|Any CPU.Build.0 = Debug|Any CPU
		{1867414B-B7B7-4473-9B9B-474CA435BB45}.Release|Any CPU.ActiveCfg = Release|Any CPU
		{1867414B-B7B7-4473-9B9B-474CA435BB45}.Release|Any CPU.Build.0 = Release|Any CPU
		{4D09A3E9-3776-4D3D-A22D-4FD640CDE5AD}.Debug|Any CPU.ActiveCfg = Debug|Any CPU
		{4D09A3E9-3776-4D3D-A22D-4FD640CDE5AD}.Debug|Any CPU.Build.0 = Debug|Any CPU
		{4D09A3E9-3776-4D3D-A22D-4FD640CDE5AD}.Release|Any CPU.ActiveCfg = Release|Any CPU
		{4D09A3E9-3776-4D3D-A22D-4FD640CDE5AD}.Release|Any CPU.Build.0 = Release|Any CPU
		{9F40D050-EF53-4842-948B-87D525D8D4BE}.Debug|Any CPU.ActiveCfg = Debug|Any CPU
		{9F40D050-EF53-4842-948B-87D525D8D4BE}.Debug|Any CPU.Build.0 = Debug|Any CPU
		{9F40D050-EF53-4842-948B-87D525D8D4BE}.Release|Any CPU.ActiveCfg = Release|Any CPU
		{9F40D050-EF53-4842-948B-87D525D8D4BE}.Release|Any CPU.Build.0 = Release|Any CPU
	EndGlobalSection
	GlobalSection(SolutionProperties) = preSolution
		HideSolutionNode = FALSE
	EndGlobalSection
	GlobalSection(ExtensibilityGlobals) = postSolution
		SolutionGuid = {7FE525E2-6C60-463A-A285-CC95A3F2EB2E}
	EndGlobalSection
EndGlobal
